
Microsoft Visual Studio Solution File, Format Version 12.00
# Visual Studio Version 17
VisualStudioVersion = 17.14.36915.13 d17.14
MinimumVisualStudioVersion = 10.0.40219.1
Project("{FAE04EC0-301F-11D3-BF4B-00C04F79EFBC}") = "Domen", "..\ConsoleApp1\Domen.csproj", "{9250BBA7-A3B5-1968-D0AF-AF28BA1883D1}"
EndProject
Project("{FAE04EC0-301F-11D3-BF4B-00C04F79EFBC}") = "BrokerBazePodataka", "..\BrokerBazePodataka\BrokerBazePodataka.csproj", "{174AA648-C4D6-63AF-33A0-7DD4BD69B91A}"
EndProject
Project("{FAE04EC0-301F-11D3-BF4B-00C04F79EFBC}") = "Kontroler", "..\Kontroler\Kontroler.csproj", "{6C868B98-E2D0-FB7D-8659-489CE35C6167}"
EndProject
Project("{FAE04EC0-301F-11D3-BF4B-00C04F79EFBC}") = "Forme", "..\Forme\Forme.csproj", "{E8F59678-8197-CE25-B318-84F93D4FDDE9}"
EndProject
Global
	GlobalSection(SolutionConfigurationPlatforms) = preSolution
		Debug|Any CPU = Debug|Any CPU
		Release|Any CPU = Release|Any CPU
	EndGlobalSection
	GlobalSection(ProjectConfigurationPlatforms) = postSolution
		{9250BBA7-A3B5-1968-D0AF-AF28BA1883D1}.Debug|Any CPU.ActiveCfg = Debug|Any CPU
		{9250BBA7-A3B5-1968-D0AF-AF28BA1883D1}.Debug|Any CPU.Build.0 = Debug|Any CPU
		{9250BBA7-A3B5-1968-D0AF-AF28BA1883D1}.Release|Any CPU.ActiveCfg = Release|Any CPU
		{9250BBA7-A3B5-1968-D0AF-AF28BA1883D1}.Release|Any CPU.Build.0 = Release|Any CPU
		{174AA648-C4D6-63AF-33A0-7DD4BD69B91A}.Debug|Any CPU.ActiveCfg = Debug|Any CPU
		{174AA648-C4D6-63AF-33A0-7DD4BD69B91A}.Debug|Any CPU.Build.0 = Debug|Any CPU
		{174AA648-C4D6-63AF-33A0-7DD4BD69B91A}.Release|Any CPU.ActiveCfg = Release|Any CPU
		{174AA648-C4D6-63AF-33A0-7DD4BD69B91A}.Release|Any CPU.Build.0 = Release|Any CPU
		{6C868B98-E2D0-FB7D-8659-489CE35C6167}.Debug|Any CPU.ActiveCfg = Debug|Any CPU
		{6C868B98-E2D0-FB7D-8659-489CE35C6167}.Debug|Any CPU.Build.0 = Debug|Any CPU
		{6C868B98-E2D0-FB7D-8659-489CE35C6167}.Release|Any CPU.ActiveCfg = Release|Any CPU
		{6C868B98-E2D0-FB7D-8659-489CE35C6167}.Release|Any CPU.Build.0 = Release|Any CPU
		{E8F59678-8197-CE25-B318-84F93D4FDDE9}.Debug|Any CPU.ActiveCfg = Debug|Any CPU
		{E8F59678-8197-CE25-B318-84F93D4FDDE9}.Debug|Any CPU.Build.0 = Debug|Any CPU
		{E8F59678-8197-CE25-B318-84F93D4FDDE9}.Release|Any CPU.ActiveCfg = Release|Any CPU
		{E8F59678-8197-CE25-B318-84F93D4FDDE9}.Release|Any CPU.Build.0 = Release|Any CPU
	EndGlobalSection
	GlobalSection(SolutionProperties) = preSolution
		HideSolutionNode = FALSE
	EndGlobalSection
	GlobalSection(ExtensibilityGlobals) = postSolution
		SolutionGuid = {DD4FDB95-606E-4C7D-9160-BF3676E115F2}
	EndGlobalSection
EndGlobal
